// !$*UTF8*$!
{
	archiveVersion = 1;
	classes = {
	};
	objectVersion = 50;
	objects = {

/* Begin PBXBuildFile section */
		9458696025C1DBC4005B3D36 /* AppDelegate.swift in Sources */ = {isa = PBXBuildFile; fileRef = 9458695F25C1DBC4005B3D36 /* AppDelegate.swift */; };
		9458696225C1DBC4005B3D36 /* SceneDelegate.swift in Sources */ = {isa = PBXBuildFile; fileRef = 9458696125C1DBC4005B3D36 /* SceneDelegate.swift */; };
		9458696425C1DBC4005B3D36 /* ViewController.swift in Sources */ = {isa = PBXBuildFile; fileRef = 9458696325C1DBC4005B3D36 /* ViewController.swift */; };
		9458696725C1DBC4005B3D36 /* Main.storyboard in Resources */ = {isa = PBXBuildFile; fileRef = 9458696525C1DBC4005B3D36 /* Main.storyboard */; };
		9458696A25C1DBC4005B3D36 /* note_ASR_ios.xcdatamodeld in Sources */ = {isa = PBXBuildFile; fileRef = 9458696825C1DBC4005B3D36 /* note_ASR_ios.xcdatamodeld */; };
		9458696C25C1DBC5005B3D36 /* Assets.xcassets in Resources */ = {isa = PBXBuildFile; fileRef = 9458696B25C1DBC5005B3D36 /* Assets.xcassets */; };
		9458696F25C1DBC5005B3D36 /* LaunchScreen.storyboard in Resources */ = {isa = PBXBuildFile; fileRef = 9458696D25C1DBC5005B3D36 /* LaunchScreen.storyboard */; };
/* End PBXBuildFile section */

/* Begin PBXFileReference section */
		9458695C25C1DBC4005B3D36 /* note_ASR_ios.app */ = {isa = PBXFileReference; explicitFileType = wrapper.application; includeInIndex = 0; path = note_ASR_ios.app; sourceTree = BUILT_PRODUCTS_DIR; };
		9458695F25C1DBC4005B3D36 /* AppDelegate.swift */ = {isa = PBXFileReference; lastKnownFileType = sourcecode.swift; path = AppDelegate.swift; sourceTree = "<group>"; };
		9458696125C1DBC4005B3D36 /* SceneDelegate.swift */ = {isa = PBXFileReference; lastKnownFileType = sourcecode.swift; path = SceneDelegate.swift; sourceTree = "<group>"; };
		9458696325C1DBC4005B3D36 /* ViewController.swift */ = {isa = PBXFileReference; lastKnownFileType = sourcecode.swift; path = ViewController.swift; sourceTree = "<group>"; };
		9458696625C1DBC4005B3D36 /* Base */ = {isa = PBXFileReference; lastKnownFileType = file.storyboard; name = Base; path = Base.lproj/Main.storyboard; sourceTree = "<group>"; };
		9458696925C1DBC4005B3D36 /* note_ASR_ios.xcdatamodel */ = {isa = PBXFileReference; lastKnownFileType = wrapper.xcdatamodel; path = note_ASR_ios.xcdatamodel; sourceTree = "<group>"; };
		9458696B25C1DBC5005B3D36 /* Assets.xcassets */ = {isa = PBXFileReference; lastKnownFileType = folder.assetcatalog; path = Assets.xcassets; sourceTree = "<group>"; };
		9458696E25C1DBC5005B3D36 /* Base */ = {isa = PBXFileReference; lastKnownFileType = file.storyboard; name = Base; path = Base.lproj/LaunchScreen.storyboard; sourceTree = "<group>"; };
		9458697025C1DBC5005B3D36 /* Info.plist */ = {isa = PBXFileReference; lastKnownFileType = text.plist.xml; path = Info.plist; sourceTree = "<group>"; };
/* End PBXFileReference section */

/* Begin PBXFrameworksBuildPhase section */
		9458695925C1DBC4005B3D36 /* Frameworks */ = {
			isa = PBXFrameworksBuildPhase;
			buildActionMask = 2147483647;
			files = (
			);
			runOnlyForDeploymentPostprocessing = 0;
		};
/* End PBXFrameworksBuildPhase section */

/* Begin PBXGroup section */
		9458695325C1DBC4005B3D36 = {
			isa = PBXGroup;
			children = (
				9458695E25C1DBC4005B3D36 /* note_ASR_ios */,
				9458695D25C1DBC4005B3D36 /* Products */,
			);
			sourceTree = "<group>";
		};
		9458695D25C1DBC4005B3D36 /* Products */ = {
			isa = PBXGroup;
			children = (
				9458695C25C1DBC4005B3D36 /* note_ASR_ios.app */,
			);
			name = Products;
			sourceTree = "<group>";
		};
		9458695E25C1DBC4005B3D36 /* note_ASR_ios */ = {
			isa = PBXGroup;
			children = (
				9458695F25C1DBC4005B3D36 /* AppDelegate.swift */,
				9458696125C1DBC4005B3D36 /* SceneDelegate.swift */,
				9458696325C1DBC4005B3D36 /* ViewController.swift */,
				9458696525C1DBC4005B3D36 /* Main.storyboard */,
				9458696B25C1DBC5005B3D36 /* Assets.xcassets */,
				9458696D25C1DBC5005B3D36 /* LaunchScreen.storyboard */,
				9458697025C1DBC5005B3D36 /* Info.plist */,
				9458696825C1DBC4005B3D36 /* note_ASR_ios.xcdatamodeld */,
			);
			path = note_ASR_ios;
			sourceTree = "<group>";
		};
/* End PBXGroup section */

/* Begin PBXNativeTarget section */
		9458695B25C1DBC4005B3D36 /* note_ASR_ios */ = {
			isa = PBXNativeTarget;
			buildConfigurationList = 9458697325C1DBC5005B3D36 /* Build configuration list for PBXNativeTarget "note_ASR_ios" */;
			buildPhases = (
				9458695825C1DBC4005B3D36 /* Sources */,
				9458695925C1DBC4005B3D36 /* Frameworks */,
				9458695A25C1DBC4005B3D36 /* Resources */,
			);
			buildRules = (
			);
			dependencies = (
			);
			name = note_ASR_ios;
			productName = note_ASR_ios;
			productReference = 9458695C25C1DBC4005B3D36 /* note_ASR_ios.app */;
			productType = "com.apple.product-type.application";
		};
/* End PBXNativeTarget section */

/* Begin PBXProject section */
		9458695425C1DBC4005B3D36 /* Project object */ = {
			isa = PBXProject;
			attributes = {
				LastSwiftUpdateCheck = 1230;
				LastUpgradeCheck = 1230;
				TargetAttributes = {
					9458695B25C1DBC4005B3D36 = {
						CreatedOnToolsVersion = 12.3;
					};
				};
			};
			buildConfigurationList = 9458695725C1DBC4005B3D36 /* Build configuration list for PBXProject "note_ASR_ios" */;
			compatibilityVersion = "Xcode 9.3";
			developmentRegion = en;
			hasScannedForEncodings = 0;
			knownRegions = (
				en,
				Base,
			);
			mainGroup = 9458695325C1DBC4005B3D36;
			productRefGroup = 9458695D25C1DBC4005B3D36 /* Products */;
			projectDirPath = "";
			projectRoot = "";
			targets = (
				9458695B25C1DBC4005B3D36 /* note_ASR_ios */,
			);
		};
/* End PBXProject section */

/* Begin PBXResourcesBuildPhase section */
		9458695A25C1DBC4005B3D36 /* Resources */ = {
			isa = PBXResourcesBuildPhase;
			buildActionMask = 2147483647;
			files = (
				9458696F25C1DBC5005B3D36 /* LaunchScreen.storyboard in Resources */,
				9458696C25C1DBC5005B3D36 /* Assets.xcassets in Resources */,
				9458696725C1DBC4005B3D36 /* Main.storyboard in Resources */,
			);
			runOnlyForDeploymentPostprocessing = 0;
		};
/* End PBXResourcesBuildPhase section */

/* Begin PBXSourcesBuildPhase section */
		9458695825C1DBC4005B3D36 /* Sources */ = {
			isa = PBXSourcesBuildPhase;
			buildActionMask = 2147483647;
			files = (
				9458696425C1DBC4005B3D36 /* ViewController.swift in Sources */,
				9458696025C1DBC4005B3D36 /* AppDelegate.swift in Sources */,
				9458696A25C1DBC4005B3D36 /* note_ASR_ios.xcdatamodeld in Sources */,
				9458696225C1DBC4005B3D36 /* SceneDelegate.swift in Sources */,
			);
			runOnlyForDeploymentPostprocessing = 0;
		};
/* End PBXSourcesBuildPhase section */

/* Begin PBXVariantGroup section */
		9458696525C1DBC4005B3D36 /* Main.storyboard */ = {
			isa = PBXVariantGroup;
			children = (
				9458696625C1DBC4005B3D36 /* Base */,
			);
			name = Main.storyboard;
			sourceTree = "<group>";
		};
		9458696D25C1DBC5005B3D36 /* LaunchScreen.storyboard */ = {
			isa = PBXVariantGroup;
			children = (
				9458696E25C1DBC5005B3D36 /* Base */,
			);
			name = LaunchScreen.storyboard;
			sourceTree = "<group>";
		};
/* End PBXVariantGroup section */

/* Begin XCBuildConfiguration section */
		9458697125C1DBC5005B3D36 /* Debug */ = {
			isa = XCBuildConfiguration;
			buildSettings = {
				ALWAYS_SEARCH_USER_PATHS = NO;
				CLANG_ANALYZER_NONNULL = YES;
				CLANG_ANALYZER_NUMBER_OBJECT_CONVERSION = YES_AGGRESSIVE;
				CLANG_CXX_LANGUAGE_STANDARD = "gnu++14";
				CLANG_CXX_LIBRARY = "libc++";
				CLANG_ENABLE_MODULES = YES;
				CLANG_ENABLE_OBJC_ARC = YES;
				CLANG_ENABLE_OBJC_WEAK = YES;
				CLANG_WARN_BLOCK_CAPTURE_AUTORELEASING = YES;
				CLANG_WARN_BOOL_CONVERSION = YES;
				CLANG_WARN_COMMA = YES;
				CLANG_WARN_CONSTANT_CONVERSION = YES;
				CLANG_WARN_DEPRECATED_OBJC_IMPLEMENTATIONS = YES;
				CLANG_WARN_DIRECT_OBJC_ISA_USAGE = YES_ERROR;
				CLANG_WARN_DOCUMENTATION_COMMENTS = YES;
				CLANG_WARN_EMPTY_BODY = YES;
				CLANG_WARN_ENUM_CONVERSION = YES;
				CLANG_WARN_INFINITE_RECURSION = YES;
				CLANG_WARN_INT_CONVERSION = YES;
				CLANG_WARN_NON_LITERAL_NULL_CONVERSION = YES;
				CLANG_WARN_OBJC_IMPLICIT_RETAIN_SELF = YES;
				CLANG_WARN_OBJC_LITERAL_CONVERSION = YES;
				CLANG_WARN_OBJC_ROOT_CLASS = YES_ERROR;
				CLANG_WARN_QUOTED_INCLUDE_IN_FRAMEWORK_HEADER = YES;
				CLANG_WARN_RANGE_LOOP_ANALYSIS = YES;
				CLANG_WARN_STRICT_PROTOTYPES = YES;
				CLANG_WARN_SUSPICIOUS_MOVE = YES;
				CLANG_WARN_UNGUARDED_AVAILABILITY = YES_AGGRESSIVE;
				CLANG_WARN_UNREACHABLE_CODE = YES;
				CLANG_WARN__DUPLICATE_METHOD_MATCH = YES;
				COPY_PHASE_STRIP = NO;
				DEBUG_INFORMATION_FORMAT = dwarf;
				ENABLE_STRICT_OBJC_MSGSEND = YES;
				ENABLE_TESTABILITY = YES;
				GCC_C_LANGUAGE_STANDARD = gnu11;
				GCC_DYNAMIC_NO_PIC = NO;
				GCC_NO_COMMON_BLOCKS = YES;
				GCC_OPTIMIZATION_LEVEL = 0;
				GCC_PREPROCESSOR_DEFINITIONS = (
					"DEBUG=1",
					"$(inherited)",
				);
				GCC_WARN_64_TO_32_BIT_CONVERSION = YES;
				GCC_WARN_ABOUT_RETURN_TYPE = YES_ERROR;
				GCC_WARN_UNDECLARED_SELECTOR = YES;
				GCC_WARN_UNINITIALIZED_AUTOS = YES_AGGRESSIVE;
				GCC_WARN_UNUSED_FUNCTION = YES;
				GCC_WARN_UNUSED_VARIABLE = YES;
				IPHONEOS_DEPLOYMENT_TARGET = 14.3;
				MTL_ENABLE_DEBUG_INFO = INCLUDE_SOURCE;
				MTL_FAST_MATH = YES;
				ONLY_ACTIVE_ARCH = YES;
				SDKROOT = iphoneos;
				SWIFT_ACTIVE_COMPILATION_CONDITIONS = DEBUG;
				SWIFT_OPTIMIZATION_LEVEL = "-Onone";
			};
			name = Debug;
		};
		9458697225C1DBC5005B3D36 /* Release */ = {
			isa = XCBuildConfiguration;
			buildSettings = {
				ALWAYS_SEARCH_USER_PATHS = NO;
				CLANG_ANALYZER_NONNULL = YES;
				CLANG_ANALYZER_NUMBER_OBJECT_CONVERSION = YES_AGGRESSIVE;
				CLANG_CXX_LANGUAGE_STANDARD = "gnu++14";
				CLANG_CXX_LIBRARY = "libc++";
				CLANG_ENABLE_MODULES = YES;
				CLANG_ENABLE_OBJC_ARC = YES;
				CLANG_ENABLE_OBJC_WEAK = YES;
				CLANG_WARN_BLOCK_CAPTURE_AUTORELEASING = YES;
				CLANG_WARN_BOOL_CONVERSION = YES;
				CLANG_WARN_COMMA = YES;
				CLANG_WARN_CONSTANT_CONVERSION = YES;
				CLANG_WARN_DEPRECATED_OBJC_IMPLEMENTATIONS = YES;
				CLANG_WARN_DIRECT_OBJC_ISA_USAGE = YES_ERROR;
				CLANG_WARN_DOCUMENTATION_COMMENTS = YES;
				CLANG_WARN_EMPTY_BODY = YES;
				CLANG_WARN_ENUM_CONVERSION = YES;
				CLANG_WARN_INFINITE_RECURSION = YES;
				CLANG_WARN_INT_CONVERSION = YES;
				CLANG_WARN_NON_LITERAL_NULL_CONVERSION = YES;
				CLANG_WARN_OBJC_IMPLICIT_RETAIN_SELF = YES;
				CLANG_WARN_OBJC_LITERAL_CONVERSION = YES;
				CLANG_WARN_OBJC_ROOT_CLASS = YES_ERROR;
				CLANG_WARN_QUOTED_INCLUDE_IN_FRAMEWORK_HEADER = YES;
				CLANG_WARN_RANGE_LOOP_ANALYSIS = YES;
				CLANG_WARN_STRICT_PROTOTYPES = YES;
				CLANG_WARN_SUSPICIOUS_MOVE = YES;
				CLANG_WARN_UNGUARDED_AVAILABILITY = YES_AGGRESSIVE;
				CLANG_WARN_UNREACHABLE_CODE = YES;
				CLANG_WARN__DUPLICATE_METHOD_MATCH = YES;
				COPY_PHASE_STRIP = NO;
				DEBUG_INFORMATION_FORMAT = "dwarf-with-dsym";
				ENABLE_NS_ASSERTIONS = NO;
				ENABLE_STRICT_OBJC_MSGSEND = YES;
				GCC_C_LANGUAGE_STANDARD = gnu11;
				GCC_NO_COMMON_BLOCKS = YES;
				GCC_WARN_64_TO_32_BIT_CONVERSION = YES;
				GCC_WARN_ABOUT_RETURN_TYPE = YES_ERROR;
				GCC_WARN_UNDECLARED_SELECTOR = YES;
				GCC_WARN_UNINITIALIZED_AUTOS = YES_AGGRESSIVE;
				GCC_WARN_UNUSED_FUNCTION = YES;
				GCC_WARN_UNUSED_VARIABLE = YES;
				IPHONEOS_DEPLOYMENT_TARGET = 14.3;
				MTL_ENABLE_DEBUG_INFO = NO;
				MTL_FAST_MATH = YES;
				SDKROOT = iphoneos;
				SWIFT_COMPILATION_MODE = wholemodule;
				SWIFT_OPTIMIZATION_LEVEL = "-O";
				VALIDATE_PRODUCT = YES;
			};
			name = Release;
		};
		9458697425C1DBC5005B3D36 /* Debug */ = {
			isa = XCBuildConfiguration;
			buildSettings = {
				ASSETCATALOG_COMPILER_APPICON_NAME = AppIcon;
				ASSETCATALOG_COMPILER_GLOBAL_ACCENT_COLOR_NAME = AccentColor;
				CODE_SIGN_STYLE = Automatic;
				INFOPLIST_FILE = note_ASR_ios/Info.plist;
				LD_RUNPATH_SEARCH_PATHS = (
					"$(inherited)",
					"@executable_path/Frameworks",
				);
				PRODUCT_BUNDLE_IDENTIFIER = "Lambton.note-ASR-ios";
				PRODUCT_NAME = "$(TARGET_NAME)";
				SWIFT_VERSION = 5.0;
				TARGETED_DEVICE_FAMILY = "1,2";
			};
			name = Debug;
		};
		9458697525C1DBC5005B3D36 /* Release */ = {
			isa = XCBuildConfiguration;
			buildSettings = {
				ASSETCATALOG_COMPILER_APPICON_NAME = AppIcon;
				ASSETCATALOG_COMPILER_GLOBAL_ACCENT_COLOR_NAME = AccentColor;
				CODE_SIGN_STYLE = Automatic;
				INFOPLIST_FILE = note_ASR_ios/Info.plist;
				LD_RUNPATH_SEARCH_PATHS = (
					"$(inherited)",
					"@executable_path/Frameworks",
				);
				PRODUCT_BUNDLE_IDENTIFIER = "Lambton.note-ASR-ios";
				PRODUCT_NAME = "$(TARGET_NAME)";
				SWIFT_VERSION = 5.0;
				TARGETED_DEVICE_FAMILY = "1,2";
			};
			name = Release;
		};
/* End XCBuildConfiguration section */

/* Begin XCConfigurationList section */
		9458695725C1DBC4005B3D36 /* Build configuration list for PBXProject "note_ASR_ios" */ = {
			isa = XCConfigurationList;
			buildConfigurations = (
				9458697125C1DBC5005B3D36 /* Debug */,
				9458697225C1DBC5005B3D36 /* Release */,
			);
			defaultConfigurationIsVisible = 0;
			defaultConfigurationName = Release;
		};
		9458697325C1DBC5005B3D36 /* Build configuration list for PBXNativeTarget "note_ASR_ios" */ = {
			isa = XCConfigurationList;
			buildConfigurations = (
				9458697425C1DBC5005B3D36 /* Debug */,
				9458697525C1DBC5005B3D36 /* Release */,
			);
			defaultConfigurationIsVisible = 0;
			defaultConfigurationName = Release;
		};
/* End XCConfigurationList section */

/* Begin XCVersionGroup section */
		9458696825C1DBC4005B3D36 /* note_ASR_ios.xcdatamodeld */ = {
			isa = XCVersionGroup;
			children = (
				9458696925C1DBC4005B3D36 /* note_ASR_ios.xcdatamodel */,
			);
			currentVersion = 9458696925C1DBC4005B3D36 /* note_ASR_ios.xcdatamodel */;
			path = note_ASR_ios.xcdatamodeld;
			sourceTree = "<group>";
			versionGroupType = wrapper.xcdatamodel;
		};
/* End XCVersionGroup section */
	};
	rootObject = 9458695425C1DBC4005B3D36 /* Project object */;
}
